
Microsoft Visual Studio Solution File, Format Version 12.00
# Visual Studio Version 17
VisualStudioVersion = 17.0.31903.59
MinimumVisualStudioVersion = 10.0.40219.1
Project("{FAE04EC0-301F-11D3-BF4B-00C04F79EFBC}") = "SimpleMessaging", "SimpleMessaging\SimpleMessaging.csproj", "{ED22E722-B637-43F9-B0AB-8A9A379ECFB1}"
EndProject
Project("{FAE04EC0-301F-11D3-BF4B-00C04F79EFBC}") = "SimpleEventing", "SimpleEventing\SimpleEventing.csproj", "{40B99EDD-12D2-4CEB-904B-E1130BCAEBA9}"
EndProject
Project("{FAE04EC0-301F-11D3-BF4B-00C04F79EFBC}") = "Model", "Model\Model.csproj", "{F856BAAA-80CA-4E9F-98D7-D7334E1365C3}"
EndProject
Project("{FAE04EC0-301F-11D3-BF4B-00C04F79EFBC}") = "LocalCopy", "LocalCopy\LocalCopy.csproj", "{78804434-4A28-4641-A761-DB42F6CF2B4E}"
EndProject
Project("{FAE04EC0-301F-11D3-BF4B-00C04F79EFBC}") = "Sender", "Sender\Sender.csproj", "{B529F4DC-32A5-4738-97E6-602A1DDD32B3}"
EndProject
Project("{FAE04EC0-301F-11D3-BF4B-00C04F79EFBC}") = "Receiver", "Receiver\Receiver.csproj", "{793FFC18-F83B-47D0-AF05-B6FAD534E621}"
EndProject
Project("{FAE04EC0-301F-11D3-BF4B-00C04F79EFBC}") = "StreamConsumer", "StreamConsumer\StreamConsumer.csproj", "{41EF28D0-DC19-4A2A-98DD-0EB44C876CD6}"
EndProject
Project("{FAE04EC0-301F-11D3-BF4B-00C04F79EFBC}") = "PriceSeeder", "PriceSeeder\PriceSeeder.csproj", "{45FB41BD-EF8F-4078-8515-AA91E8EB0829}"
EndProject
Project("{FAE04EC0-301F-11D3-BF4B-00C04F79EFBC}") = "PriceConsumer", "PriceConsumer\PriceConsumer.csproj", "{AA476372-43CC-4573-A496-E57DD4FBC115}"
EndProject
Global
	GlobalSection(SolutionConfigurationPlatforms) = preSolution
		Debug|Any CPU = Debug|Any CPU
		Debug|x64 = Debug|x64
		Debug|x86 = Debug|x86
		Release|Any CPU = Release|Any CPU
		Release|x64 = Release|x64
		Release|x86 = Release|x86
	EndGlobalSection
	GlobalSection(ProjectConfigurationPlatforms) = postSolution
		{ED22E722-B637-43F9-B0AB-8A9A379ECFB1}.Debug|Any CPU.ActiveCfg = Debug|Any CPU
		{ED22E722-B637-43F9-B0AB-8A9A379ECFB1}.Debug|Any CPU.Build.0 = Debug|Any CPU
		{ED22E722-B637-43F9-B0AB-8A9A379ECFB1}.Debug|x64.ActiveCfg = Debug|Any CPU
		{ED22E722-B637-43F9-B0AB-8A9A379ECFB1}.Debug|x64.Build.0 = Debug|Any CPU
		{ED22E722-B637-43F9-B0AB-8A9A379ECFB1}.Debug|x86.ActiveCfg = Debug|Any CPU
		{ED22E722-B637-43F9-B0AB-8A9A379ECFB1}.Debug|x86.Build.0 = Debug|Any CPU
		{ED22E722-B637-43F9-B0AB-8A9A379ECFB1}.Release|Any CPU.ActiveCfg = Release|Any CPU
		{ED22E722-B637-43F9-B0AB-8A9A379ECFB1}.Release|Any CPU.Build.0 = Release|Any CPU
		{ED22E722-B637-43F9-B0AB-8A9A379ECFB1}.Release|x64.ActiveCfg = Release|Any CPU
		{ED22E722-B637-43F9-B0AB-8A9A379ECFB1}.Release|x64.Build.0 = Release|Any CPU
		{ED22E722-B637-43F9-B0AB-8A9A379ECFB1}.Release|x86.ActiveCfg = Release|Any CPU
		{ED22E722-B637-43F9-B0AB-8A9A379ECFB1}.Release|x86.Build.0 = Release|Any CPU
		{40B99EDD-12D2-4CEB-904B-E1130BCAEBA9}.Debug|Any CPU.ActiveCfg = Debug|Any CPU
		{40B99EDD-12D2-4CEB-904B-E1130BCAEBA9}.Debug|Any CPU.Build.0 = Debug|Any CPU
		{40B99EDD-12D2-4CEB-904B-E1130BCAEBA9}.Debug|x64.ActiveCfg = Debug|Any CPU
		{40B99EDD-12D2-4CEB-904B-E1130BCAEBA9}.Debug|x64.Build.0 = Debug|Any CPU
		{40B99EDD-12D2-4CEB-904B-E1130BCAEBA9}.Debug|x86.ActiveCfg = Debug|Any CPU
		{40B99EDD-12D2-4CEB-904B-E1130BCAEBA9}.Debug|x86.Build.0 = Debug|Any CPU
		{40B99EDD-12D2-4CEB-904B-E1130BCAEBA9}.Release|Any CPU.ActiveCfg = Release|Any CPU
		{40B99EDD-12D2-4CEB-904B-E1130BCAEBA9}.Release|Any CPU.Build.0 = Release|Any CPU
		{40B99EDD-12D2-4CEB-904B-E1130BCAEBA9}.Release|x64.ActiveCfg = Release|Any CPU
		{40B99EDD-12D2-4CEB-904B-E1130BCAEBA9}.Release|x64.Build.0 = Release|Any CPU
		{40B99EDD-12D2-4CEB-904B-E1130BCAEBA9}.Release|x86.ActiveCfg = Release|Any CPU
		{40B99EDD-12D2-4CEB-904B-E1130BCAEBA9}.Release|x86.Build.0 = Release|Any CPU
		{F856BAAA-80CA-4E9F-98D7-D7334E1365C3}.Debug|Any CPU.ActiveCfg = Debug|Any CPU
		{F856BAAA-80CA-4E9F-98D7-D7334E1365C3}.Debug|Any CPU.Build.0 = Debug|Any CPU
		{F856BAAA-80CA-4E9F-98D7-D7334E1365C3}.Debug|x64.ActiveCfg = Debug|Any CPU
		{F856BAAA-80CA-4E9F-98D7-D7334E1365C3}.Debug|x64.Build.0 = Debug|Any CPU
		{F856BAAA-80CA-4E9F-98D7-D7334E1365C3}.Debug|x86.ActiveCfg = Debug|Any CPU
		{F856BAAA-80CA-4E9F-98D7-D7334E1365C3}.Debug|x86.Build.0 = Debug|Any CPU
		{F856BAAA-80CA-4E9F-98D7-D7334E1365C3}.Release|Any CPU.ActiveCfg = Release|Any CPU
		{F856BAAA-80CA-4E9F-98D7-D7334E1365C3}.Release|Any CPU.Build.0 = Release|Any CPU
		{F856BAAA-80CA-4E9F-98D7-D7334E1365C3}.Release|x64.ActiveCfg = Release|Any CPU
		{F856BAAA-80CA-4E9F-98D7-D7334E1365C3}.Release|x64.Build.0 = Release|Any CPU
		{F856BAAA-80CA-4E9F-98D7-D7334E1365C3}.Release|x86.ActiveCfg = Release|Any CPU
		{F856BAAA-80CA-4E9F-98D7-D7334E1365C3}.Release|x86.Build.0 = Release|Any CPU
		{78804434-4A28-4641-A761-DB42F6CF2B4E}.Debug|Any CPU.ActiveCfg = Debug|Any CPU
		{78804434-4A28-4641-A761-DB42F6CF2B4E}.Debug|Any CPU.Build.0 = Debug|Any CPU
		{78804434-4A28-4641-A761-DB42F6CF2B4E}.Debug|x64.ActiveCfg = Debug|Any CPU
		{78804434-4A28-4641-A761-DB42F6CF2B4E}.Debug|x64.Build.0 = Debug|Any CPU
		{78804434-4A28-4641-A761-DB42F6CF2B4E}.Debug|x86.ActiveCfg = Debug|Any CPU
		{78804434-4A28-4641-A761-DB42F6CF2B4E}.Debug|x86.Build.0 = Debug|Any CPU
		{78804434-4A28-4641-A761-DB42F6CF2B4E}.Release|Any CPU.ActiveCfg = Release|Any CPU
		{78804434-4A28-4641-A761-DB42F6CF2B4E}.Release|Any CPU.Build.0 = Release|Any CPU
		{78804434-4A28-4641-A761-DB42F6CF2B4E}.Release|x64.ActiveCfg = Release|Any CPU
		{78804434-4A28-4641-A761-DB42F6CF2B4E}.Release|x64.Build.0 = Release|Any CPU
		{78804434-4A28-4641-A761-DB42F6CF2B4E}.Release|x86.ActiveCfg = Release|Any CPU
		{78804434-4A28-4641-A761-DB42F6CF2B4E}.Release|x86.Build.0 = Release|Any CPU
		{B529F4DC-32A5-4738-97E6-602A1DDD32B3}.Debug|Any CPU.ActiveCfg = Debug|Any CPU
		{B529F4DC-32A5-4738-97E6-602A1DDD32B3}.Debug|Any CPU.Build.0 = Debug|Any CPU
		{B529F4DC-32A5-4738-97E6-602A1DDD32B3}.Debug|x64.ActiveCfg = Debug|Any CPU
		{B529F4DC-32A5-4738-97E6-602A1DDD32B3}.Debug|x64.Build.0 = Debug|Any CPU
		{B529F4DC-32A5-4738-97E6-602A1DDD32B3}.Debug|x86.ActiveCfg = Debug|Any CPU
		{B529F4DC-32A5-4738-97E6-602A1DDD32B3}.Debug|x86.Build.0 = Debug|Any CPU
		{B529F4DC-32A5-4738-97E6-602A1DDD32B3}.Release|Any CPU.ActiveCfg = Release|Any CPU
		{B529F4DC-32A5-4738-97E6-602A1DDD32B3}.Release|Any CPU.Build.0 = Release|Any CPU
		{B529F4DC-32A5-4738-97E6-602A1DDD32B3}.Release|x64.ActiveCfg = Release|Any CPU
		{B529F4DC-32A5-4738-97E6-602A1DDD32B3}.Release|x64.Build.0 = Release|Any CPU
		{B529F4DC-32A5-4738-97E6-602A1DDD32B3}.Release|x86.ActiveCfg = Release|Any CPU
		{B529F4DC-32A5-4738-97E6-602A1DDD32B3}.Release|x86.Build.0 = Release|Any CPU
		{793FFC18-F83B-47D0-AF05-B6FAD534E621}.Debug|Any CPU.ActiveCfg = Debug|Any CPU
		{793FFC18-F83B-47D0-AF05-B6FAD534E621}.Debug|Any CPU.Build.0 = Debug|Any CPU
		{793FFC18-F83B-47D0-AF05-B6FAD534E621}.Debug|x64.ActiveCfg = Debug|Any CPU
		{793FFC18-F83B-47D0-AF05-B6FAD534E621}.Debug|x64.Build.0 = Debug|Any CPU
		{793FFC18-F83B-47D0-AF05-B6FAD534E621}.Debug|x86.ActiveCfg = Debug|Any CPU
		{793FFC18-F83B-47D0-AF05-B6FAD534E621}.Debug|x86.Build.0 = Debug|Any CPU
		{793FFC18-F83B-47D0-AF05-B6FAD534E621}.Release|Any CPU.ActiveCfg = Release|Any CPU
		{793FFC18-F83B-47D0-AF05-B6FAD534E621}.Release|Any CPU.Build.0 = Release|Any CPU
		{793FFC18-F83B-47D0-AF05-B6FAD534E621}.Release|x64.ActiveCfg = Release|Any CPU
		{793FFC18-F83B-47D0-AF05-B6FAD534E621}.Release|x64.Build.0 = Release|Any CPU
		{793FFC18-F83B-47D0-AF05-B6FAD534E621}.Release|x86.ActiveCfg = Release|Any CPU
		{793FFC18-F83B-47D0-AF05-B6FAD534E621}.Release|x86.Build.0 = Release|Any CPU
		{41EF28D0-DC19-4A2A-98DD-0EB44C876CD6}.Debug|Any CPU.ActiveCfg = Debug|Any CPU
		{41EF28D0-DC19-4A2A-98DD-0EB44C876CD6}.Debug|Any CPU.Build.0 = Debug|Any CPU
		{41EF28D0-DC19-4A2A-98DD-0EB44C876CD6}.Debug|x64.ActiveCfg = Debug|Any CPU
		{41EF28D0-DC19-4A2A-98DD-0EB44C876CD6}.Debug|x64.Build.0 = Debug|Any CPU
		{41EF28D0-DC19-4A2A-98DD-0EB44C876CD6}.Debug|x86.ActiveCfg = Debug|Any CPU
		{41EF28D0-DC19-4A2A-98DD-0EB44C876CD6}.Debug|x86.Build.0 = Debug|Any CPU
		{41EF28D0-DC19-4A2A-98DD-0EB44C876CD6}.Release|Any CPU.ActiveCfg = Release|Any CPU
		{41EF28D0-DC19-4A2A-98DD-0EB44C876CD6}.Release|Any CPU.Build.0 = Release|Any CPU
		{41EF28D0-DC19-4A2A-98DD-0EB44C876CD6}.Release|x64.ActiveCfg = Release|Any CPU
		{41EF28D0-DC19-4A2A-98DD-0EB44C876CD6}.Release|x64.Build.0 = Release|Any CPU
		{41EF28D0-DC19-4A2A-98DD-0EB44C876CD6}.Release|x86.ActiveCfg = Release|Any CPU
		{41EF28D0-DC19-4A2A-98DD-0EB44C876CD6}.Release|x86.Build.0 = Release|Any CPU
		{45FB41BD-EF8F-4078-8515-AA91E8EB0829}.Debug|Any CPU.ActiveCfg = Debug|Any CPU
		{45FB41BD-EF8F-4078-8515-AA91E8EB0829}.Debug|Any CPU.Build.0 = Debug|Any CPU
		{45FB41BD-EF8F-4078-8515-AA91E8EB0829}.Debug|x64.ActiveCfg = Debug|Any CPU
		{45FB41BD-EF8F-4078-8515-AA91E8EB0829}.Debug|x64.Build.0 = Debug|Any CPU
		{45FB41BD-EF8F-4078-8515-AA91E8EB0829}.Debug|x86.ActiveCfg = Debug|Any CPU
		{45FB41BD-EF8F-4078-8515-AA91E8EB0829}.Debug|x86.Build.0 = Debug|Any CPU
		{45FB41BD-EF8F-4078-8515-AA91E8EB0829}.Release|Any CPU.ActiveCfg = Release|Any CPU
		{45FB41BD-EF8F-4078-8515-AA91E8EB0829}.Release|Any CPU.Build.0 = Release|Any CPU
		{45FB41BD-EF8F-4078-8515-AA91E8EB0829}.Release|x64.ActiveCfg = Release|Any CPU
		{45FB41BD-EF8F-4078-8515-AA91E8EB0829}.Release|x64.Build.0 = Release|Any CPU
		{45FB41BD-EF8F-4078-8515-AA91E8EB0829}.Release|x86.ActiveCfg = Release|Any CPU
		{45FB41BD-EF8F-4078-8515-AA91E8EB0829}.Release|x86.Build.0 = Release|Any CPU
		{AA476372-43CC-4573-A496-E57DD4FBC115}.Debug|Any CPU.ActiveCfg = Debug|Any CPU
		{AA476372-43CC-4573-A496-E57DD4FBC115}.Debug|Any CPU.Build.0 = Debug|Any CPU
		{AA476372-43CC-4573-A496-E57DD4FBC115}.Debug|x64.ActiveCfg = Debug|Any CPU
		{AA476372-43CC-4573-A496-E57DD4FBC115}.Debug|x64.Build.0 = Debug|Any CPU
		{AA476372-43CC-4573-A496-E57DD4FBC115}.Debug|x86.ActiveCfg = Debug|Any CPU
		{AA476372-43CC-4573-A496-E57DD4FBC115}.Debug|x86.Build.0 = Debug|Any CPU
		{AA476372-43CC-4573-A496-E57DD4FBC115}.Release|Any CPU.ActiveCfg = Release|Any CPU
		{AA476372-43CC-4573-A496-E57DD4FBC115}.Release|Any CPU.Build.0 = Release|Any CPU
		{AA476372-43CC-4573-A496-E57DD4FBC115}.Release|x64.ActiveCfg = Release|Any CPU
		{AA476372-43CC-4573-A496-E57DD4FBC115}.Release|x64.Build.0 = Release|Any CPU
		{AA476372-43CC-4573-A496-E57DD4FBC115}.Release|x86.ActiveCfg = Release|Any CPU
		{AA476372-43CC-4573-A496-E57DD4FBC115}.Release|x86.Build.0 = Release|Any CPU
	EndGlobalSection
	GlobalSection(SolutionProperties) = preSolution
		HideSolutionNode = FALSE
	EndGlobalSection
EndGlobal
